// !$*UTF8*$!
{
	archiveVersion = 1;
	classes = {
	};
	objectVersion = 46;
	objects = {

/* Begin PBXBuildFile section */
		3F2663831AD8B28C005F1939 /* AppDelegate.swift in Sources */ = {isa = PBXBuildFile; fileRef = 3F2663821AD8B28C005F1939 /* AppDelegate.swift */; };
		3F2663851AD8B28C005F1939 /* ViewController.swift in Sources */ = {isa = PBXBuildFile; fileRef = 3F2663841AD8B28C005F1939 /* ViewController.swift */; };
		3F2663881AD8B28C005F1939 /* Main.storyboard in Resources */ = {isa = PBXBuildFile; fileRef = 3F2663861AD8B28C005F1939 /* Main.storyboard */; };
		3F26638A1AD8B28C005F1939 /* Images.xcassets in Resources */ = {isa = PBXBuildFile; fileRef = 3F2663891AD8B28C005F1939 /* Images.xcassets */; };
		3F26638D1AD8B28C005F1939 /* LaunchScreen.xib in Resources */ = {isa = PBXBuildFile; fileRef = 3F26638B1AD8B28C005F1939 /* LaunchScreen.xib */; };
		3F2663991AD8B28D005F1939 /* QiitaListTests.swift in Sources */ = {isa = PBXBuildFile; fileRef = 3F2663981AD8B28D005F1939 /* QiitaListTests.swift */; };
		3F2663A31AD8B355005F1939 /* MyView.swift in Sources */ = {isa = PBXBuildFile; fileRef = 3F2663A21AD8B355005F1939 /* MyView.swift */; };
		3F2663A71AD8B57F005F1939 /* MyModel.swift in Sources */ = {isa = PBXBuildFile; fileRef = 3F2663A61AD8B57F005F1939 /* MyModel.swift */; };
		3F2663A91AD9EB9E005F1939 /* Const.swift in Sources */ = {isa = PBXBuildFile; fileRef = 3F2663A81AD9EB9E005F1939 /* Const.swift */; };
/* End PBXBuildFile section */

/* Begin PBXContainerItemProxy section */
		3F2663931AD8B28D005F1939 /* PBXContainerItemProxy */ = {
			isa = PBXContainerItemProxy;
			containerPortal = 3F2663751AD8B28C005F1939 /* Project object */;
			proxyType = 1;
			remoteGlobalIDString = 3F26637C1AD8B28C005F1939;
			remoteInfo = QiitaList;
		};
/* End PBXContainerItemProxy section */

/* Begin PBXFileReference section */
		3F26637D1AD8B28C005F1939 /* QiitaList.app */ = {isa = PBXFileReference; explicitFileType = wrapper.application; includeInIndex = 0; path = QiitaList.app; sourceTree = BUILT_PRODUCTS_DIR; };
		3F2663811AD8B28C005F1939 /* Info.plist */ = {isa = PBXFileReference; lastKnownFileType = text.plist.xml; path = Info.plist; sourceTree = "<group>"; };
		3F2663821AD8B28C005F1939 /* AppDelegate.swift */ = {isa = PBXFileReference; lastKnownFileType = sourcecode.swift; path = AppDelegate.swift; sourceTree = "<group>"; };
		3F2663841AD8B28C005F1939 /* ViewController.swift */ = {isa = PBXFileReference; lastKnownFileType = sourcecode.swift; path = ViewController.swift; sourceTree = "<group>"; };
		3F2663871AD8B28C005F1939 /* Base */ = {isa = PBXFileReference; lastKnownFileType = file.storyboard; name = Base; path = Base.lproj/Main.storyboard; sourceTree = "<group>"; };
		3F2663891AD8B28C005F1939 /* Images.xcassets */ = {isa = PBXFileReference; lastKnownFileType = folder.assetcatalog; path = Images.xcassets; sourceTree = "<group>"; };
		3F26638C1AD8B28C005F1939 /* Base */ = {isa = PBXFileReference; lastKnownFileType = file.xib; name = Base; path = Base.lproj/LaunchScreen.xib; sourceTree = "<group>"; };
		3F2663921AD8B28D005F1939 /* QiitaListTests.xctest */ = {isa = PBXFileReference; explicitFileType = wrapper.cfbundle; includeInIndex = 0; path = QiitaListTests.xctest; sourceTree = BUILT_PRODUCTS_DIR; };
		3F2663971AD8B28D005F1939 /* Info.plist */ = {isa = PBXFileReference; lastKnownFileType = text.plist.xml; path = Info.plist; sourceTree = "<group>"; };
		3F2663981AD8B28D005F1939 /* QiitaListTests.swift */ = {isa = PBXFileReference; lastKnownFileType = sourcecode.swift; path = QiitaListTests.swift; sourceTree = "<group>"; };
		3F2663A21AD8B355005F1939 /* MyView.swift */ = {isa = PBXFileReference; fileEncoding = 4; lastKnownFileType = sourcecode.swift; path = MyView.swift; sourceTree = "<group>"; };
		3F2663A61AD8B57F005F1939 /* MyModel.swift */ = {isa = PBXFileReference; fileEncoding = 4; lastKnownFileType = sourcecode.swift; path = MyModel.swift; sourceTree = "<group>"; };
		3F2663A81AD9EB9E005F1939 /* Const.swift */ = {isa = PBXFileReference; fileEncoding = 4; lastKnownFileType = sourcecode.swift; path = Const.swift; sourceTree = "<group>"; };
/* End PBXFileReference section */

/* Begin PBXFrameworksBuildPhase section */
		3F26637A1AD8B28C005F1939 /* Frameworks */ = {
			isa = PBXFrameworksBuildPhase;
			buildActionMask = 2147483647;
			files = (
			);
			runOnlyForDeploymentPostprocessing = 0;
		};
		3F26638F1AD8B28D005F1939 /* Frameworks */ = {
			isa = PBXFrameworksBuildPhase;
			buildActionMask = 2147483647;
			files = (
			);
			runOnlyForDeploymentPostprocessing = 0;
		};
/* End PBXFrameworksBuildPhase section */

/* Begin PBXGroup section */
		3F2663741AD8B28C005F1939 = {
			isa = PBXGroup;
			children = (
				3F26637F1AD8B28C005F1939 /* QiitaList */,
				3F2663951AD8B28D005F1939 /* QiitaListTests */,
				3F26637E1AD8B28C005F1939 /* Products */,
			);
			sourceTree = "<group>";
		};
		3F26637E1AD8B28C005F1939 /* Products */ = {
			isa = PBXGroup;
			children = (
				3F26637D1AD8B28C005F1939 /* QiitaList.app */,
				3F2663921AD8B28D005F1939 /* QiitaListTests.xctest */,
			);
			name = Products;
			sourceTree = "<group>";
		};
		3F26637F1AD8B28C005F1939 /* QiitaList */ = {
			isa = PBXGroup;
			children = (
				3F2663821AD8B28C005F1939 /* AppDelegate.swift */,
				3F2663841AD8B28C005F1939 /* ViewController.swift */,
				3F2663861AD8B28C005F1939 /* Main.storyboard */,
				3F2663891AD8B28C005F1939 /* Images.xcassets */,
				3F26638B1AD8B28C005F1939 /* LaunchScreen.xib */,
				3F2663801AD8B28C005F1939 /* Supporting Files */,
				3F2663A21AD8B355005F1939 /* MyView.swift */,
				3F2663A61AD8B57F005F1939 /* MyModel.swift */,
				3F2663A81AD9EB9E005F1939 /* Const.swift */,
			);
			path = QiitaList;
			sourceTree = "<group>";
		};
		3F2663801AD8B28C005F1939 /* Supporting Files */ = {
			isa = PBXGroup;
			children = (
				3F2663811AD8B28C005F1939 /* Info.plist */,
			);
			name = "Supporting Files";
			sourceTree = "<group>";
		};
		3F2663951AD8B28D005F1939 /* QiitaListTests */ = {
			isa = PBXGroup;
			children = (
				3F2663981AD8B28D005F1939 /* QiitaListTests.swift */,
				3F2663961AD8B28D005F1939 /* Supporting Files */,
			);
			path = QiitaListTests;
			sourceTree = "<group>";
		};
		3F2663961AD8B28D005F1939 /* Supporting Files */ = {
			isa = PBXGroup;
			children = (
				3F2663971AD8B28D005F1939 /* Info.plist */,
			);
			name = "Supporting Files";
			sourceTree = "<group>";
		};
/* End PBXGroup section */

/* Begin PBXNativeTarget section */
		3F26637C1AD8B28C005F1939 /* QiitaList */ = {
			isa = PBXNativeTarget;
			buildConfigurationList = 3F26639C1AD8B28D005F1939 /* Build configuration list for PBXNativeTarget "QiitaList" */;
			buildPhases = (
				3F2663791AD8B28C005F1939 /* Sources */,
				3F26637A1AD8B28C005F1939 /* Frameworks */,
				3F26637B1AD8B28C005F1939 /* Resources */,
			);
			buildRules = (
			);
			dependencies = (
			);
			name = QiitaList;
			productName = QiitaList;
			productReference = 3F26637D1AD8B28C005F1939 /* QiitaList.app */;
			productType = "com.apple.product-type.application";
		};
		3F2663911AD8B28D005F1939 /* QiitaListTests */ = {
			isa = PBXNativeTarget;
			buildConfigurationList = 3F26639F1AD8B28D005F1939 /* Build configuration list for PBXNativeTarget "QiitaListTests" */;
			buildPhases = (
				3F26638E1AD8B28D005F1939 /* Sources */,
				3F26638F1AD8B28D005F1939 /* Frameworks */,
				3F2663901AD8B28D005F1939 /* Resources */,
			);
			buildRules = (
			);
			dependencies = (
				3F2663941AD8B28D005F1939 /* PBXTargetDependency */,
			);
			name = QiitaListTests;
			productName = QiitaListTests;
			productReference = 3F2663921AD8B28D005F1939 /* QiitaListTests.xctest */;
			productType = "com.apple.product-type.bundle.unit-test";
		};
/* End PBXNativeTarget section */

/* Begin PBXProject section */
		3F2663751AD8B28C005F1939 /* Project object */ = {
			isa = PBXProject;
			attributes = {
				LastUpgradeCheck = 0610;
				ORGANIZATIONNAME = yamakadoh;
				TargetAttributes = {
					3F26637C1AD8B28C005F1939 = {
						CreatedOnToolsVersion = 6.1.1;
					};
					3F2663911AD8B28D005F1939 = {
						CreatedOnToolsVersion = 6.1.1;
						TestTargetID = 3F26637C1AD8B28C005F1939;
					};
				};
			};
			buildConfigurationList = 3F2663781AD8B28C005F1939 /* Build configuration list for PBXProject "QiitaList" */;
			compatibilityVersion = "Xcode 3.2";
			developmentRegion = English;
			hasScannedForEncodings = 0;
			knownRegions = (
				en,
				Base,
			);
			mainGroup = 3F2663741AD8B28C005F1939;
			productRefGroup = 3F26637E1AD8B28C005F1939 /* Products */;
			projectDirPath = "";
			projectRoot = "";
			targets = (
				3F26637C1AD8B28C005F1939 /* QiitaList */,
				3F2663911AD8B28D005F1939 /* QiitaListTests */,
			);
		};
/* End PBXProject section */

/* Begin PBXResourcesBuildPhase section */
		3F26637B1AD8B28C005F1939 /* Resources */ = {
			isa = PBXResourcesBuildPhase;
			buildActionMask = 2147483647;
			files = (
				3F2663881AD8B28C005F1939 /* Main.storyboard in Resources */,
				3F26638D1AD8B28C005F1939 /* LaunchScreen.xib in Resources */,
				3F26638A1AD8B28C005F1939 /* Images.xcassets in Resources */,
			);
			runOnlyForDeploymentPostprocessing = 0;
		};
		3F2663901AD8B28D005F1939 /* Resources */ = {
			isa = PBXResourcesBuildPhase;
			buildActionMask = 2147483647;
			files = (
			);
			runOnlyForDeploymentPostprocessing = 0;
		};
/* End PBXResourcesBuildPhase section */

/* Begin PBXSourcesBuildPhase section */
		3F2663791AD8B28C005F1939 /* Sources */ = {
			isa = PBXSourcesBuildPhase;
			buildActionMask = 2147483647;
			files = (
				3F2663A31AD8B355005F1939 /* MyView.swift in Sources */,
				3F2663851AD8B28C005F1939 /* ViewController.swift in Sources */,
				3F2663831AD8B28C005F1939 /* AppDelegate.swift in Sources */,
				3F2663A71AD8B57F005F1939 /* MyModel.swift in Sources */,
				3F2663A91AD9EB9E005F1939 /* Const.swift in Sources */,
			);
			runOnlyForDeploymentPostprocessing = 0;
		};
		3F26638E1AD8B28D005F1939 /* Sources */ = {
			isa = PBXSourcesBuildPhase;
			buildActionMask = 2147483647;
			files = (
				3F2663991AD8B28D005F1939 /* QiitaListTests.swift in Sources */,
			);
			runOnlyForDeploymentPostprocessing = 0;
		};
/* End PBXSourcesBuildPhase section */

/* Begin PBXTargetDependency section */
		3F2663941AD8B28D005F1939 /* PBXTargetDependency */ = {
			isa = PBXTargetDependency;
			target = 3F26637C1AD8B28C005F1939 /* QiitaList */;
			targetProxy = 3F2663931AD8B28D005F1939 /* PBXContainerItemProxy */;
		};
/* End PBXTargetDependency section */

/* Begin PBXVariantGroup section */
		3F2663861AD8B28C005F1939 /* Main.storyboard */ = {
			isa = PBXVariantGroup;
			children = (
				3F2663871AD8B28C005F1939 /* Base */,
			);
			name = Main.storyboard;
			sourceTree = "<group>";
		};
		3F26638B1AD8B28C005F1939 /* LaunchScreen.xib */ = {
			isa = PBXVariantGroup;
			children = (
				3F26638C1AD8B28C005F1939 /* Base */,
			);
			name = LaunchScreen.xib;
			sourceTree = "<group>";
		};
/* End PBXVariantGroup section */

/* Begin XCBuildConfiguration section */
		3F26639A1AD8B28D005F1939 /* Debug */ = {
			isa = XCBuildConfiguration;
			buildSettings = {
				ALWAYS_SEARCH_USER_PATHS = NO;
				CLANG_CXX_LANGUAGE_STANDARD = "gnu++0x";
				CLANG_CXX_LIBRARY = "libc++";
				CLANG_ENABLE_MODULES = YES;
				CLANG_ENABLE_OBJC_ARC = YES;
				CLANG_WARN_BOOL_CONVERSION = YES;
				CLANG_WARN_CONSTANT_CONVERSION = YES;
				CLANG_WARN_DIRECT_OBJC_ISA_USAGE = YES_ERROR;
				CLANG_WARN_EMPTY_BODY = YES;
				CLANG_WARN_ENUM_CONVERSION = YES;
				CLANG_WARN_INT_CONVERSION = YES;
				CLANG_WARN_OBJC_ROOT_CLASS = YES_ERROR;
				CLANG_WARN_UNREACHABLE_CODE = YES;
				CLANG_WARN__DUPLICATE_METHOD_MATCH = YES;
				"CODE_SIGN_IDENTITY[sdk=iphoneos*]" = "iPhone Developer";
				COPY_PHASE_STRIP = NO;
				ENABLE_STRICT_OBJC_MSGSEND = YES;
				GCC_C_LANGUAGE_STANDARD = gnu99;
				GCC_DYNAMIC_NO_PIC = NO;
				GCC_OPTIMIZATION_LEVEL = 0;
				GCC_PREPROCESSOR_DEFINITIONS = (
					"DEBUG=1",
					"$(inherited)",
				);
				GCC_SYMBOLS_PRIVATE_EXTERN = NO;
				GCC_WARN_64_TO_32_BIT_CONVERSION = YES;
				GCC_WARN_ABOUT_RETURN_TYPE = YES_ERROR;
				GCC_WARN_UNDECLARED_SELECTOR = YES;
				GCC_WARN_UNINITIALIZED_AUTOS = YES_AGGRESSIVE;
				GCC_WARN_UNUSED_FUNCTION = YES;
				GCC_WARN_UNUSED_VARIABLE = YES;
				IPHONEOS_DEPLOYMENT_TARGET = 8.1;
				MTL_ENABLE_DEBUG_INFO = YES;
				ONLY_ACTIVE_ARCH = YES;
				SDKROOT = iphoneos;
				SWIFT_OPTIMIZATION_LEVEL = "-Onone";
			};
			name = Debug;
		};
		3F26639B1AD8B28D005F1939 /* Release */ = {
			isa = XCBuildConfiguration;
			buildSettings = {
				ALWAYS_SEARCH_USER_PATHS = NO;
				CLANG_CXX_LANGUAGE_STANDARD = "gnu++0x";
				CLANG_CXX_LIBRARY = "libc++";
				CLANG_ENABLE_MODULES = YES;
				CLANG_ENABLE_OBJC_ARC = YES;
				CLANG_WARN_BOOL_CONVERSION = YES;
				CLANG_WARN_CONSTANT_CONVERSION = YES;
				CLANG_WARN_DIRECT_OBJC_ISA_USAGE = YES_ERROR;
				CLANG_WARN_EMPTY_BODY = YES;
				CLANG_WARN_ENUM_CONVERSION = YES;
				CLANG_WARN_INT_CONVERSION = YES;
				CLANG_WARN_OBJC_ROOT_CLASS = YES_ERROR;
				CLANG_WARN_UNREACHABLE_CODE = YES;
				CLANG_WARN__DUPLICATE_METHOD_MATCH = YES;
				"CODE_SIGN_IDENTITY[sdk=iphoneos*]" = "iPhone Developer";
				COPY_PHASE_STRIP = YES;
				ENABLE_NS_ASSERTIONS = NO;
				ENABLE_STRICT_OBJC_MSGSEND = YES;
				GCC_C_LANGUAGE_STANDARD = gnu99;
				GCC_WARN_64_TO_32_BIT_CONVERSION = YES;
				GCC_WARN_ABOUT_RETURN_TYPE = YES_ERROR;
				GCC_WARN_UNDECLARED_SELECTOR = YES;
				GCC_WARN_UNINITIALIZED_AUTOS = YES_AGGRESSIVE;
				GCC_WARN_UNUSED_FUNCTION = YES;
				GCC_WARN_UNUSED_VARIABLE = YES;
				IPHONEOS_DEPLOYMENT_TARGET = 8.1;
				MTL_ENABLE_DEBUG_INFO = NO;
				SDKROOT = iphoneos;
				VALIDATE_PRODUCT = YES;
			};
			name = Release;
		};
		3F26639D1AD8B28D005F1939 /* Debug */ = {
			isa = XCBuildConfiguration;
			buildSettings = {
				ASSETCATALOG_COMPILER_APPICON_NAME = AppIcon;
				INFOPLIST_FILE = QiitaList/Info.plist;
				LD_RUNPATH_SEARCH_PATHS = "$(inherited) @executable_path/Frameworks";
				PRODUCT_NAME = "$(TARGET_NAME)";
			};
			name = Debug;
		};
		3F26639E1AD8B28D005F1939 /* Release */ = {
			isa = XCBuildConfiguration;
			buildSettings = {
				ASSETCATALOG_COMPILER_APPICON_NAME = AppIcon;
				INFOPLIST_FILE = QiitaList/Info.plist;
				LD_RUNPATH_SEARCH_PATHS = "$(inherited) @executable_path/Frameworks";
				PRODUCT_NAME = "$(TARGET_NAME)";
			};
			name = Release;
		};
		3F2663A01AD8B28D005F1939 /* Debug */ = {
			isa = XCBuildConfiguration;
			buildSettings = {
				BUNDLE_LOADER = "$(TEST_HOST)";
				FRAMEWORK_SEARCH_PATHS = (
					"$(SDKROOT)/Developer/Library/Frameworks",
					"$(inherited)",
				);
				GCC_PREPROCESSOR_DEFINITIONS = (
					"DEBUG=1",
					"$(inherited)",
				);
				INFOPLIST_FILE = QiitaListTests/Info.plist;
				LD_RUNPATH_SEARCH_PATHS = "$(inherited) @executable_path/Frameworks @loader_path/Frameworks";
				PRODUCT_NAME = "$(TARGET_NAME)";
				TEST_HOST = "$(BUILT_PRODUCTS_DIR)/QiitaList.app/QiitaList";
			};
			name = Debug;
		};
		3F2663A11AD8B28D005F1939 /* Release */ = {
			isa = XCBuildConfiguration;
			buildSettings = {
				BUNDLE_LOADER = "$(TEST_HOST)";
				FRAMEWORK_SEARCH_PATHS = (
					"$(SDKROOT)/Developer/Library/Frameworks",
					"$(inherited)",
				);
				INFOPLIST_FILE = QiitaListTests/Info.plist;
				LD_RUNPATH_SEARCH_PATHS = "$(inherited) @executable_path/Frameworks @loader_path/Frameworks";
				PRODUCT_NAME = "$(TARGET_NAME)";
				TEST_HOST = "$(BUILT_PRODUCTS_DIR)/QiitaList.app/QiitaList";
			};
			name = Release;
		};
/* End XCBuildConfiguration section */

/* Begin XCConfigurationList section */
		3F2663781AD8B28C005F1939 /* Build configuration list for PBXProject "QiitaList" */ = {
			isa = XCConfigurationList;
			buildConfigurations = (
				3F26639A1AD8B28D005F1939 /* Debug */,
				3F26639B1AD8B28D005F1939 /* Release */,
			);
			defaultConfigurationIsVisible = 0;
			defaultConfigurationName = Release;
		};
		3F26639C1AD8B28D005F1939 /* Build configuration list for PBXNativeTarget "QiitaList" */ = {
			isa = XCConfigurationList;
			buildConfigurations = (
				3F26639D1AD8B28D005F1939 /* Debug */,
				3F26639E1AD8B28D005F1939 /* Release */,
			);
			defaultConfigurationIsVisible = 0;
		};
		3F26639F1AD8B28D005F1939 /* Build configuration list for PBXNativeTarget "QiitaListTests" */ = {
			isa = XCConfigurationList;
			buildConfigurations = (
				3F2663A01AD8B28D005F1939 /* Debug */,
				3F2663A11AD8B28D005F1939 /* Release */,
			);
			defaultConfigurationIsVisible = 0;
		};
/* End XCConfigurationList section */
	};
	rootObject = 3F2663751AD8B28C005F1939 /* Project object */;
}
